
Microsoft Visual Studio Solution File, Format Version 12.00
# Visual Studio 15
VisualStudioVersion = 15.0.27004.2005
MinimumVisualStudioVersion = 10.0.40219.1
Project("{FAE04EC0-301F-11D3-BF4B-00C04F79EFBC}") = "Supra", "Supra\Supra.csproj", "{D998169B-AC56-4399-8419-67054CCDB56D}"
EndProject
Global
	GlobalSection(SolutionConfigurationPlatforms) = preSolution
		Debug|Any CPU = Debug|Any CPU
		Release|Any CPU = Release|Any CPU
	EndGlobalSection
	GlobalSection(ProjectConfigurationPlatforms) = postSolution
		{D998169B-AC56-4399-8419-67054CCDB56D}.Debug|Any CPU.ActiveCfg = Debug|Any CPU
		{D998169B-AC56-4399-8419-67054CCDB56D}.Debug|Any CPU.Build.0 = Debug|Any CPU
		{D998169B-AC56-4399-8419-67054CCDB56D}.Release|Any CPU.ActiveCfg = Release|Any CPU
		{D998169B-AC56-4399-8419-67054CCDB56D}.Release|Any CPU.Build.0 = Release|Any CPU
	EndGlobalSection
	GlobalSection(SolutionProperties) = preSolution
		HideSolutionNode = FALSE
	EndGlobalSection
	GlobalSection(ExtensibilityGlobals) = postSolution
		SolutionGuid = {B21DF3E4-CB33-42E0-B85C-0DF22020CE4A}
	EndGlobalSection
EndGlobal
